
Microsoft Visual Studio Solution File, Format Version 11.00
# Visual Studio 2010
Project("{FAE04EC0-301F-11D3-BF4B-00C04F79EFBC}") = "rainfalls", "rainfalls\rainfalls.csproj", "{6614B164-D4BA-4C73-87B5-320E95B82E74}"
EndProject
Project("{FAE04EC0-301F-11D3-BF4B-00C04F79EFBC}") = "rainfalls.Abstract.Class", "rainfalls.Abstract.Class\rainfalls.Abstract.Class.csproj", "{F25D45F8-DD0D-4627-913A-90540BCE1B6D}"
EndProject
Project("{FAE04EC0-301F-11D3-BF4B-00C04F79EFBC}") = "rainfalls.Abstract.Interface", "rainfalls.Abstract.Interface\rainfalls.Abstract.Interface.csproj", "{D308C17F-9E4E-47FE-A0BD-D0BEC63AFE6B}"
EndProject
Project("{FAE04EC0-301F-11D3-BF4B-00C04F79EFBC}") = "rainfalls.Base.Struct", "rainfalls.Base.Struct\rainfalls.Base.Struct.csproj", "{5F31FDCB-F06F-49E8-B461-F595EF2051AF}"
EndProject
Project("{FAE04EC0-301F-11D3-BF4B-00C04F79EFBC}") = "rainfalls.Base.Class", "rainfalls.Base.Class\rainfalls.Base.Class.csproj", "{D00D6A17-EE91-4006-8EDA-2264896F1F0D}"
EndProject
Project("{FAE04EC0-301F-11D3-BF4B-00C04F79EFBC}") = "rainfalls.Business.LevelCalc", "rainfalls.Business.LevelCalc\rainfalls.Business.LevelCalc.csproj", "{7B94C3B8-6177-4008-9322-404FD473D653}"
EndProject
Project("{FAE04EC0-301F-11D3-BF4B-00C04F79EFBC}") = "rainfalls.DataSource.Comm", "rainfalls.comm\rainfalls.DataSource.Comm.csproj", "{B0D46AF8-FEF7-43EF-8673-CB010AA9D213}"
EndProject
Project("{FAE04EC0-301F-11D3-BF4B-00C04F79EFBC}") = "rainfalls.DataSource.Remote", "rainfalls.DataSource.Remote\rainfalls.DataSource.Remote.csproj", "{0DE9FB68-DBF7-4E30-9984-471CF5C7004E}"
EndProject
Project("{FAE04EC0-301F-11D3-BF4B-00C04F79EFBC}") = "ZYF", "rainfalls.zyf.xml\ZYF.csproj", "{9622D1E3-D454-4EC6-929B-3E32B29278C6}"
EndProject
Project("{FAE04EC0-301F-11D3-BF4B-00C04F79EFBC}") = "rainfalls.path", "rainfalls.path\rainfalls.path.csproj", "{B48F6D3E-9DF1-48F8-9AE4-CD610375B292}"
EndProject
Project("{FAE04EC0-301F-11D3-BF4B-00C04F79EFBC}") = "rainfalls.View.Toolbar", "rainfalls.View.Toolbar\rainfalls.View.Toolbar.csproj", "{AC35A13F-F805-4EE7-A4D1-00C5D18C8112}"
EndProject
Project("{FAE04EC0-301F-11D3-BF4B-00C04F79EFBC}") = "rainfalls.View.RainMapCtrl", "rainfalls.View.RainMapCtrl\rainfalls.View.RainMapCtrl.csproj", "{23C75791-8740-43E4-AB6E-29FB331C89A1}"
EndProject
Project("{FAE04EC0-301F-11D3-BF4B-00C04F79EFBC}") = "rainfalls.Business.RainMap", "rainfalls.Business.RainMap\rainfalls.Business.RainMap.csproj", "{63C39B53-9D7E-4457-ABC3-9EBF3A55CAA3}"
EndProject
Project("{FAE04EC0-301F-11D3-BF4B-00C04F79EFBC}") = "rainfalls.View.RainMapCaption", "rainfalls.View.RainMapCaption\rainfalls.View.RainMapCaption.csproj", "{69E96E99-C4FF-4621-A27D-4738D3726406}"
EndProject
Project("{FAE04EC0-301F-11D3-BF4B-00C04F79EFBC}") = "rainfalls.View.Statuebar", "rainfalls.View.Statuebar\rainfalls.View.Statuebar.csproj", "{7EBFD664-C362-409D-8390-41FE0B250FF0}"
EndProject
Project("{FAE04EC0-301F-11D3-BF4B-00C04F79EFBC}") = "rainfalls.state", "rainfalls.state\rainfalls.state.csproj", "{1DC7FA61-6B85-414C-BDEE-0B053047E878}"
EndProject
Project("{FAE04EC0-301F-11D3-BF4B-00C04F79EFBC}") = "rainfalls.Base.SQLite", "rainfalls.Business.SQLite\rainfalls.Base.SQLite.csproj", "{7BCE13C9-D3D3-46B0-885B-AC03F9CE8995}"
EndProject
Project("{FAE04EC0-301F-11D3-BF4B-00C04F79EFBC}") = "rainfalls.Business.DbHelper", "rainfalls.Business.DbHelper\rainfalls.Business.DbHelper.csproj", "{68A6BCB1-6362-4552-BBC1-4A6C701ED12C}"
EndProject
Project("{FAE04EC0-301F-11D3-BF4B-00C04F79EFBC}") = "rainfalls.Business.RainCalc", "rainfalls.Business.RainCalc\rainfalls.Business.RainCalc.csproj", "{2610FA68-790A-4DF7-BCB2-C29C936742EB}"
EndProject
Project("{FAE04EC0-301F-11D3-BF4B-00C04F79EFBC}") = "rainfalls.Business.WorksDoneReg", "rainfalls.Business.WorksDoneReg\rainfalls.Business.WorksDoneReg.csproj", "{AF659935-297C-4348-AADE-A187E3DD383D}"
EndProject
Project("{FAE04EC0-301F-11D3-BF4B-00C04F79EFBC}") = "rainfalls.Business.Section", "rainfalls.Business.Section\rainfalls.Business.Section.csproj", "{109A5824-85EE-4463-9CCA-626ED1D7624F}"
EndProject
Project("{FAE04EC0-301F-11D3-BF4B-00C04F79EFBC}") = "rainfalls.Model.XmlHelper", "rainfalls.Model.XmlHelper\rainfalls.Model.XmlHelper.csproj", "{F9CBCCE4-47F3-4291-B793-3B5DBD6019E8}"
EndProject
Project("{FAE04EC0-301F-11D3-BF4B-00C04F79EFBC}") = "rainfalls.Business.Site", "rainfalls.Business.Site\rainfalls.Business.Site.csproj", "{38F17579-998F-4CE7-9712-215AAD66C00C}"
EndProject
Project("{FAE04EC0-301F-11D3-BF4B-00C04F79EFBC}") = "rainfalls.View.frmLift", "rainfalls.View.frmLift\rainfalls.View.frmLift.csproj", "{0A891FDD-52DA-42BD-B7C1-95886ECC0661}"
EndProject
Project("{FAE04EC0-301F-11D3-BF4B-00C04F79EFBC}") = "rainfalls.View.frmDateTime", "rainfalls.View.frmDateTime\rainfalls.View.frmDateTime.csproj", "{DBF9F511-92E5-4B56-9FCA-C6BF37388BB5}"
EndProject
Project("{FAE04EC0-301F-11D3-BF4B-00C04F79EFBC}") = "TESTRainFall", "TESTRainFall\TESTRainFall.csproj", "{16522C91-5F14-45AB-AFBF-5E2490A53796}"
EndProject
Project("{FAE04EC0-301F-11D3-BF4B-00C04F79EFBC}") = "rainfalls.View.frmRainLog", "rainfalls.View.frmRainLog\rainfalls.View.frmRainLog.csproj", "{0F0BDC62-53F8-4654-9A33-CF3AC02A35AD}"
EndProject
Project("{FAE04EC0-301F-11D3-BF4B-00C04F79EFBC}") = "rainfalls.View.frmConfig", "rainfalls.View.frmConfig\rainfalls.View.frmConfig.csproj", "{6F7D5737-BD50-4DB3-8AE0-11A1EA79FBFA}"
EndProject
Project("{FAE04EC0-301F-11D3-BF4B-00C04F79EFBC}") = "rainfalls.Business.SoundPlay", "rainfalls.Business.SoundPlay\rainfalls.Business.SoundPlay.csproj", "{48B6488D-C3E5-4E10-82B3-CFCA44BE4488}"
EndProject
Project("{FAE04EC0-301F-11D3-BF4B-00C04F79EFBC}") = "rainfalls.App.AppSync", "rainfalls.App.AppSync\rainfalls.App.AppSync.csproj", "{B69D6270-B235-4354-9C0D-544B0E4F5B8B}"
EndProject
Project("{FAE04EC0-301F-11D3-BF4B-00C04F79EFBC}") = "rainfalls.Base.Mtup", "rainfalls.Base.Packet\rainfalls.Base.Mtup.csproj", "{29035687-185F-47A8-9830-6C4C9D5EBB0B}"
EndProject
Project("{FAE04EC0-301F-11D3-BF4B-00C04F79EFBC}") = "Update", "Update\Update.csproj", "{1F1018A7-1852-4CD5-94E6-12899A0BBBFC}"
EndProject
Project("{FAE04EC0-301F-11D3-BF4B-00C04F79EFBC}") = "rainfalls.View.MeasureLog", "rainfalls.View.MeasureLog\rainfalls.View.MeasureLog.csproj", "{1A313088-2F2A-4148-90E8-6AA9A4C4233D}"
EndProject
Project("{FAE04EC0-301F-11D3-BF4B-00C04F79EFBC}") = "rainfalls.View.ShutDown", "rainfalls.View.ShutDown\rainfalls.View.ShutDown.csproj", "{7C9BCBFC-49EB-49FC-9318-204D5CA491A6}"
EndProject
Project("{FAE04EC0-301F-11D3-BF4B-00C04F79EFBC}") = "rainfalls.View.SectionControl", "rainfalls.View.SectionControl\rainfalls.View.SectionControl.csproj", "{25ECEBE1-267F-4DD8-B812-F945F6D2FC02}"
EndProject
Project("{FAE04EC0-301F-11D3-BF4B-00C04F79EFBC}") = "rainfalls.View.SiteControl", "rainfalls.View.SiteControl\rainfalls.View.SiteControl.csproj", "{A4DBD7F5-A2C1-487A-8C81-CD8BB1B49B6D}"
EndProject
Project("{FAE04EC0-301F-11D3-BF4B-00C04F79EFBC}") = "rainfalls.View.Messagebox", "rainfalls.View.Messagebox\rainfalls.View.Messagebox.csproj", "{134622C9-B51B-416E-8788-3A90BDBE3951}"
EndProject
Project("{FAE04EC0-301F-11D3-BF4B-00C04F79EFBC}") = "rainfalls.Base.ErrorHandle", "rainfalls.Base.ErrorHandle\rainfalls.Base.ErrorHandle.csproj", "{FC8B8EA0-AD89-4C16-9031-824CEB25F354}"
EndProject
Project("{FAE04EC0-301F-11D3-BF4B-00C04F79EFBC}") = "rainfalls.App.Update", "rainfalls.App.Update\rainfalls.App.Update.csproj", "{2712A108-EEBF-4B72-9CD5-88A7D531D648}"
EndProject
Project("{FAE04EC0-301F-11D3-BF4B-00C04F79EFBC}") = "rainfall.App.UpdateForm", "rainfall.App.UpdateForm\rainfall.App.UpdateForm.csproj", "{23DAEB5F-1A9F-4853-8BBF-7C5E1F71597E}"
EndProject
Project("{FAE04EC0-301F-11D3-BF4B-00C04F79EFBC}") = "rainfalls.Business.CObserver", "rainfalls.Business.CObserver\rainfalls.Business.CObserver.csproj", "{CC84B0E8-2905-40C0-A396-33E64301655F}"
EndProject
Project("{FAE04EC0-301F-11D3-BF4B-00C04F79EFBC}") = "rainfalls.View.SectionAlarmControl", "rainfalls.View.SectionAlarmControl\rainfalls.View.SectionAlarmControl.csproj", "{C2DB006F-019C-4CAD-842A-238909693088}"
EndProject
Project("{FAE04EC0-301F-11D3-BF4B-00C04F79EFBC}") = "rainfalls2018", "rainfalls2018\rainfalls2018.csproj", "{A8F8B22A-BD38-41F6-B344-B4598A8F4124}"
EndProject
Project("{FAE04EC0-301F-11D3-BF4B-00C04F79EFBC}") = "rainfalls.Views.SiteDockForm", "rainfalls.Views.SiteDockForm\rainfalls.Views.SiteDockForm.csproj", "{D0935FD0-8A3A-4FAC-9469-9D1EE52C840E}"
EndProject
Project("{FAE04EC0-301F-11D3-BF4B-00C04F79EFBC}") = "rainfalls.Views.SectionDockForm", "rainfalls.Views.SectionDockForm\rainfalls.Views.SectionDockForm.csproj", "{3E445E34-3C91-4084-8274-7F6D053B5E26}"
EndProject
Project("{FAE04EC0-301F-11D3-BF4B-00C04F79EFBC}") = "rainfalls.Views.DockFormRainMap", "rainfalls.Views.DockFormRainMap\rainfalls.Views.DockFormRainMap.csproj", "{1536C16F-54CB-49AB-8797-1ABB397EF49D}"
EndProject
Project("{FAE04EC0-301F-11D3-BF4B-00C04F79EFBC}") = "rainfalls.Views.DockFormInspector", "rainfalls.Views.DockFormInspector\rainfalls.Views.DockFormInspector.csproj", "{3C46ECD6-FF10-42C7-BC15-17D157EAC63F}"
EndProject
Project("{FAE04EC0-301F-11D3-BF4B-00C04F79EFBC}") = "rainfalls.Views.DockFormToolBar", "rainfalls.Views.DockFormToolBar\rainfalls.Views.DockFormToolBar.csproj", "{647F0D3A-0E9C-4DED-BDBB-3640AF125D5C}"
EndProject
Project("{FAE04EC0-301F-11D3-BF4B-00C04F79EFBC}") = "rainfalls.Business.InspectorLab", "rainfalls.Business.InspectorLab\rainfalls.Business.InspectorLab.csproj", "{B6E2B7F0-5885-4908-B6C1-ABC9DC79AE2E}"
EndProject
Project("{FAE04EC0-301F-11D3-BF4B-00C04F79EFBC}") = "LogHelpers", "LogHelpers\LogHelpers.csproj", "{9C4837D6-7125-4F11-9C95-B49C946C2BC2}"
EndProject
Project("{FAE04EC0-301F-11D3-BF4B-00C04F79EFBC}") = "rainfalls.Views.Zone", "rainfalls.Views.Zone\rainfalls.Views.Zone.csproj", "{5A0C29C4-4DE3-4723-8F5A-00A3E11A270A}"
EndProject
Project("{FAE04EC0-301F-11D3-BF4B-00C04F79EFBC}") = "rainfalls.Repair", "rainfalls.Repair\rainfalls.Repair.csproj", "{330ADC91-7C0E-41BB-84B2-9692B37D15D6}"
EndProject
Global
	GlobalSection(SolutionConfigurationPlatforms) = preSolution
		Debug|Any CPU = Debug|Any CPU
		Debug|Mixed Platforms = Debug|Mixed Platforms
		Debug|x86 = Debug|x86
		Release|Any CPU = Release|Any CPU
		Release|Mixed Platforms = Release|Mixed Platforms
		Release|x86 = Release|x86
	EndGlobalSection
	GlobalSection(ProjectConfigurationPlatforms) = postSolution
		{6614B164-D4BA-4C73-87B5-320E95B82E74}.Debug|Any CPU.ActiveCfg = Debug|x86
		{6614B164-D4BA-4C73-87B5-320E95B82E74}.Debug|Mixed Platforms.ActiveCfg = Debug|x86
		{6614B164-D4BA-4C73-87B5-320E95B82E74}.Debug|Mixed Platforms.Build.0 = Debug|x86
		{6614B164-D4BA-4C73-87B5-320E95B82E74}.Debug|x86.ActiveCfg = Debug|x86
		{6614B164-D4BA-4C73-87B5-320E95B82E74}.Debug|x86.Build.0 = Debug|x86
		{6614B164-D4BA-4C73-87B5-320E95B82E74}.Release|Any CPU.ActiveCfg = Release|x86
		{6614B164-D4BA-4C73-87B5-320E95B82E74}.Release|Mixed Platforms.ActiveCfg = Release|x86
		{6614B164-D4BA-4C73-87B5-320E95B82E74}.Release|Mixed Platforms.Build.0 = Release|x86
		{6614B164-D4BA-4C73-87B5-320E95B82E74}.Release|x86.ActiveCfg = Release|x86
		{6614B164-D4BA-4C73-87B5-320E95B82E74}.Release|x86.Build.0 = Release|x86
		{F25D45F8-DD0D-4627-913A-90540BCE1B6D}.Debug|Any CPU.ActiveCfg = Debug|Any CPU
		{F25D45F8-DD0D-4627-913A-90540BCE1B6D}.Debug|Any CPU.Build.0 = Debug|Any CPU
		{F25D45F8-DD0D-4627-913A-90540BCE1B6D}.Debug|Mixed Platforms.ActiveCfg = Debug|Any CPU
		{F25D45F8-DD0D-4627-913A-90540BCE1B6D}.Debug|Mixed Platforms.Build.0 = Debug|Any CPU
		{F25D45F8-DD0D-4627-913A-90540BCE1B6D}.Debug|x86.ActiveCfg = Debug|Any CPU
		{F25D45F8-DD0D-4627-913A-90540BCE1B6D}.Release|Any CPU.ActiveCfg = Release|Any CPU
		{F25D45F8-DD0D-4627-913A-90540BCE1B6D}.Release|Any CPU.Build.0 = Release|Any CPU
		{F25D45F8-DD0D-4627-913A-90540BCE1B6D}.Release|Mixed Platforms.ActiveCfg = Release|Any CPU
		{F25D45F8-DD0D-4627-913A-90540BCE1B6D}.Release|Mixed Platforms.Build.0 = Release|Any CPU
		{F25D45F8-DD0D-4627-913A-90540BCE1B6D}.Release|x86.ActiveCfg = Release|Any CPU
		{D308C17F-9E4E-47FE-A0BD-D0BEC63AFE6B}.Debug|Any CPU.ActiveCfg = Debug|Any CPU
		{D308C17F-9E4E-47FE-A0BD-D0BEC63AFE6B}.Debug|Any CPU.Build.0 = Debug|Any CPU
		{D308C17F-9E4E-47FE-A0BD-D0BEC63AFE6B}.Debug|Mixed Platforms.ActiveCfg = Debug|Any CPU
		{D308C17F-9E4E-47FE-A0BD-D0BEC63AFE6B}.Debug|Mixed Platforms.Build.0 = Debug|Any CPU
		{D308C17F-9E4E-47FE-A0BD-D0BEC63AFE6B}.Debug|x86.ActiveCfg = Debug|Any CPU
		{D308C17F-9E4E-47FE-A0BD-D0BEC63AFE6B}.Release|Any CPU.ActiveCfg = Release|Any CPU
		{D308C17F-9E4E-47FE-A0BD-D0BEC63AFE6B}.Release|Any CPU.Build.0 = Release|Any CPU
		{D308C17F-9E4E-47FE-A0BD-D0BEC63AFE6B}.Release|Mixed Platforms.ActiveCfg = Release|Any CPU
		{D308C17F-9E4E-47FE-A0BD-D0BEC63AFE6B}.Release|Mixed Platforms.Build.0 = Release|Any CPU
		{D308C17F-9E4E-47FE-A0BD-D0BEC63AFE6B}.Release|x86.ActiveCfg = Release|Any CPU
		{5F31FDCB-F06F-49E8-B461-F595EF2051AF}.Debug|Any CPU.ActiveCfg = Debug|Any CPU
		{5F31FDCB-F06F-49E8-B461-F595EF2051AF}.Debug|Any CPU.Build.0 = Debug|Any CPU
		{5F31FDCB-F06F-49E8-B461-F595EF2051AF}.Debug|Mixed Platforms.ActiveCfg = Debug|Any CPU
		{5F31FDCB-F06F-49E8-B461-F595EF2051AF}.Debug|Mixed Platforms.Build.0 = Debug|Any CPU
		{5F31FDCB-F06F-49E8-B461-F595EF2051AF}.Debug|x86.ActiveCfg = Debug|Any CPU
		{5F31FDCB-F06F-49E8-B461-F595EF2051AF}.Release|Any CPU.ActiveCfg = Release|Any CPU
		{5F31FDCB-F06F-49E8-B461-F595EF2051AF}.Release|Any CPU.Build.0 = Release|Any CPU
		{5F31FDCB-F06F-49E8-B461-F595EF2051AF}.Release|Mixed Platforms.ActiveCfg = Release|Any CPU
		{5F31FDCB-F06F-49E8-B461-F595EF2051AF}.Release|Mixed Platforms.Build.0 = Release|Any CPU
		{5F31FDCB-F06F-49E8-B461-F595EF2051AF}.Release|x86.ActiveCfg = Release|Any CPU
		{D00D6A17-EE91-4006-8EDA-2264896F1F0D}.Debug|Any CPU.ActiveCfg = Debug|Any CPU
		{D00D6A17-EE91-4006-8EDA-2264896F1F0D}.Debug|Any CPU.Build.0 = Debug|Any CPU
		{D00D6A17-EE91-4006-8EDA-2264896F1F0D}.Debug|Mixed Platforms.ActiveCfg = Debug|Any CPU
		{D00D6A17-EE91-4006-8EDA-2264896F1F0D}.Debug|Mixed Platforms.Build.0 = Debug|Any CPU
		{D00D6A17-EE91-4006-8EDA-2264896F1F0D}.Debug|x86.ActiveCfg = Debug|Any CPU
		{D00D6A17-EE91-4006-8EDA-2264896F1F0D}.Release|Any CPU.ActiveCfg = Release|Any CPU
		{D00D6A17-EE91-4006-8EDA-2264896F1F0D}.Release|Any CPU.Build.0 = Release|Any CPU
		{D00D6A17-EE91-4006-8EDA-2264896F1F0D}.Release|Mixed Platforms.ActiveCfg = Release|Any CPU
		{D00D6A17-EE91-4006-8EDA-2264896F1F0D}.Release|Mixed Platforms.Build.0 = Release|Any CPU
		{D00D6A17-EE91-4006-8EDA-2264896F1F0D}.Release|x86.ActiveCfg = Release|Any CPU
		{7B94C3B8-6177-4008-9322-404FD473D653}.Debug|Any CPU.ActiveCfg = Debug|Any CPU
		{7B94C3B8-6177-4008-9322-404FD473D653}.Debug|Any CPU.Build.0 = Debug|Any CPU
		{7B94C3B8-6177-4008-9322-404FD473D653}.Debug|Mixed Platforms.ActiveCfg = Debug|Any CPU
		{7B94C3B8-6177-4008-9322-404FD473D653}.Debug|Mixed Platforms.Build.0 = Debug|Any CPU
		{7B94C3B8-6177-4008-9322-404FD473D653}.Debug|x86.ActiveCfg = Debug|Any CPU
		{7B94C3B8-6177-4008-9322-404FD473D653}.Release|Any CPU.ActiveCfg = Release|Any CPU
		{7B94C3B8-6177-4008-9322-404FD473D653}.Release|Any CPU.Build.0 = Release|Any CPU
		{7B94C3B8-6177-4008-9322-404FD473D653}.Release|Mixed Platforms.ActiveCfg = Release|Any CPU
		{7B94C3B8-6177-4008-9322-404FD473D653}.Release|Mixed Platforms.Build.0 = Release|Any CPU
		{7B94C3B8-6177-4008-9322-404FD473D653}.Release|x86.ActiveCfg = Release|Any CPU
		{B0D46AF8-FEF7-43EF-8673-CB010AA9D213}.Debug|Any CPU.ActiveCfg = Debug|Any CPU
		{B0D46AF8-FEF7-43EF-8673-CB010AA9D213}.Debug|Any CPU.Build.0 = Debug|Any CPU
		{B0D46AF8-FEF7-43EF-8673-CB010AA9D213}.Debug|Mixed Platforms.ActiveCfg = Debug|Any CPU
		{B0D46AF8-FEF7-43EF-8673-CB010AA9D213}.Debug|Mixed Platforms.Build.0 = Debug|Any CPU
		{B0D46AF8-FEF7-43EF-8673-CB010AA9D213}.Debug|x86.ActiveCfg = Debug|Any CPU
		{B0D46AF8-FEF7-43EF-8673-CB010AA9D213}.Release|Any CPU.ActiveCfg = Release|Any CPU
		{B0D46AF8-FEF7-43EF-8673-CB010AA9D213}.Release|Any CPU.Build.0 = Release|Any CPU
		{B0D46AF8-FEF7-43EF-8673-CB010AA9D213}.Release|Mixed Platforms.ActiveCfg = Release|Any CPU
		{B0D46AF8-FEF7-43EF-8673-CB010AA9D213}.Release|Mixed Platforms.Build.0 = Release|Any CPU
		{B0D46AF8-FEF7-43EF-8673-CB010AA9D213}.Release|x86.ActiveCfg = Release|Any CPU
		{0DE9FB68-DBF7-4E30-9984-471CF5C7004E}.Debug|Any CPU.ActiveCfg = Debug|Any CPU
		{0DE9FB68-DBF7-4E30-9984-471CF5C7004E}.Debug|Any CPU.Build.0 = Debug|Any CPU
		{0DE9FB68-DBF7-4E30-9984-471CF5C7004E}.Debug|Mixed Platforms.ActiveCfg = Debug|Any CPU
		{0DE9FB68-DBF7-4E30-9984-471CF5C7004E}.Debug|Mixed Platforms.Build.0 = Debug|Any CPU
		{0DE9FB68-DBF7-4E30-9984-471CF5C7004E}.Debug|x86.ActiveCfg = Debug|Any CPU
		{0DE9FB68-DBF7-4E30-9984-471CF5C7004E}.Release|Any CPU.ActiveCfg = Release|Any CPU
		{0DE9FB68-DBF7-4E30-9984-471CF5C7004E}.Release|Any CPU.Build.0 = Release|Any CPU
		{0DE9FB68-DBF7-4E30-9984-471CF5C7004E}.Release|Mixed Platforms.ActiveCfg = Release|Any CPU
		{0DE9FB68-DBF7-4E30-9984-471CF5C7004E}.Release|Mixed Platforms.Build.0 = Release|Any CPU
		{0DE9FB68-DBF7-4E30-9984-471CF5C7004E}.Release|x86.ActiveCfg = Release|Any CPU
		{9622D1E3-D454-4EC6-929B-3E32B29278C6}.Debug|Any CPU.ActiveCfg = Debug|Any CPU
		{9622D1E3-D454-4EC6-929B-3E32B29278C6}.Debug|Any CPU.Build.0 = Debug|Any CPU
		{9622D1E3-D454-4EC6-929B-3E32B29278C6}.Debug|Mixed Platforms.ActiveCfg = Debug|Any CPU
		{9622D1E3-D454-4EC6-929B-3E32B29278C6}.Debug|Mixed Platforms.Build.0 = Debug|Any CPU
		{9622D1E3-D454-4EC6-929B-3E32B29278C6}.Debug|x86.ActiveCfg = Debug|Any CPU
		{9622D1E3-D454-4EC6-929B-3E32B29278C6}.Release|Any CPU.ActiveCfg = Release|Any CPU
		{9622D1E3-D454-4EC6-929B-3E32B29278C6}.Release|Any CPU.Build.0 = Release|Any CPU
		{9622D1E3-D454-4EC6-929B-3E32B29278C6}.Release|Mixed Platforms.ActiveCfg = Release|Any CPU
		{9622D1E3-D454-4EC6-929B-3E32B29278C6}.Release|Mixed Platforms.Build.0 = Release|Any CPU
		{9622D1E3-D454-4EC6-929B-3E32B29278C6}.Release|x86.ActiveCfg = Release|Any CPU
		{B48F6D3E-9DF1-48F8-9AE4-CD610375B292}.Debug|Any CPU.ActiveCfg = Debug|Any CPU
		{B48F6D3E-9DF1-48F8-9AE4-CD610375B292}.Debug|Any CPU.Build.0 = Debug|Any CPU
		{B48F6D3E-9DF1-48F8-9AE4-CD610375B292}.Debug|Mixed Platforms.ActiveCfg = Debug|Any CPU
		{B48F6D3E-9DF1-48F8-9AE4-CD610375B292}.Debug|Mixed Platforms.Build.0 = Debug|Any CPU
		{B48F6D3E-9DF1-48F8-9AE4-CD610375B292}.Debug|x86.ActiveCfg = Debug|Any CPU
		{B48F6D3E-9DF1-48F8-9AE4-CD610375B292}.Release|Any CPU.ActiveCfg = Release|Any CPU
		{B48F6D3E-9DF1-48F8-9AE4-CD610375B292}.Release|Any CPU.Build.0 = Release|Any CPU
		{B48F6D3E-9DF1-48F8-9AE4-CD610375B292}.Release|Mixed Platforms.ActiveCfg = Release|Any CPU
		{B48F6D3E-9DF1-48F8-9AE4-CD610375B292}.Release|Mixed Platforms.Build.0 = Release|Any CPU
		{B48F6D3E-9DF1-48F8-9AE4-CD610375B292}.Release|x86.ActiveCfg = Release|Any CPU
		{AC35A13F-F805-4EE7-A4D1-00C5D18C8112}.Debug|Any CPU.ActiveCfg = Debug|Any CPU
		{AC35A13F-F805-4EE7-A4D1-00C5D18C8112}.Debug|Any CPU.Build.0 = Debug|Any CPU
		{AC35A13F-F805-4EE7-A4D1-00C5D18C8112}.Debug|Mixed Platforms.ActiveCfg = Debug|Any CPU
		{AC35A13F-F805-4EE7-A4D1-00C5D18C8112}.Debug|Mixed Platforms.Build.0 = Debug|Any CPU
		{AC35A13F-F805-4EE7-A4D1-00C5D18C8112}.Debug|x86.ActiveCfg = Debug|Any CPU
		{AC35A13F-F805-4EE7-A4D1-00C5D18C8112}.Release|Any CPU.ActiveCfg = Release|Any CPU
		{AC35A13F-F805-4EE7-A4D1-00C5D18C8112}.Release|Any CPU.Build.0 = Release|Any CPU
		{AC35A13F-F805-4EE7-A4D1-00C5D18C8112}.Release|Mixed Platforms.ActiveCfg = Release|Any CPU
		{AC35A13F-F805-4EE7-A4D1-00C5D18C8112}.Release|Mixed Platforms.Build.0 = Release|Any CPU
		{AC35A13F-F805-4EE7-A4D1-00C5D18C8112}.Release|x86.ActiveCfg = Release|Any CPU
		{23C75791-8740-43E4-AB6E-29FB331C89A1}.Debug|Any CPU.ActiveCfg = Debug|Any CPU
		{23C75791-8740-43E4-AB6E-29FB331C89A1}.Debug|Any CPU.Build.0 = Debug|Any CPU
		{23C75791-8740-43E4-AB6E-29FB331C89A1}.Debug|Mixed Platforms.ActiveCfg = Debug|Any CPU
		{23C75791-8740-43E4-AB6E-29FB331C89A1}.Debug|Mixed Platforms.Build.0 = Debug|Any CPU
		{23C75791-8740-43E4-AB6E-29FB331C89A1}.Debug|x86.ActiveCfg = Debug|Any CPU
		{23C75791-8740-43E4-AB6E-29FB331C89A1}.Release|Any CPU.ActiveCfg = Release|Any CPU
		{23C75791-8740-43E4-AB6E-29FB331C89A1}.Release|Any CPU.Build.0 = Release|Any CPU
		{23C75791-8740-43E4-AB6E-29FB331C89A1}.Release|Mixed Platforms.ActiveCfg = Release|Any CPU
		{23C75791-8740-43E4-AB6E-29FB331C89A1}.Release|Mixed Platforms.Build.0 = Release|Any CPU
		{23C75791-8740-43E4-AB6E-29FB331C89A1}.Release|x86.ActiveCfg = Release|Any CPU
		{63C39B53-9D7E-4457-ABC3-9EBF3A55CAA3}.Debug|Any CPU.ActiveCfg = Debug|Any CPU
		{63C39B53-9D7E-4457-ABC3-9EBF3A55CAA3}.Debug|Any CPU.Build.0 = Debug|Any CPU
		{63C39B53-9D7E-4457-ABC3-9EBF3A55CAA3}.Debug|Mixed Platforms.ActiveCfg = Debug|Any CPU
		{63C39B53-9D7E-4457-ABC3-9EBF3A55CAA3}.Debug|Mixed Platforms.Build.0 = Debug|Any CPU
		{63C39B53-9D7E-4457-ABC3-9EBF3A55CAA3}.Debug|x86.ActiveCfg = Debug|Any CPU
		{63C39B53-9D7E-4457-ABC3-9EBF3A55CAA3}.Release|Any CPU.ActiveCfg = Release|Any CPU
		{63C39B53-9D7E-4457-ABC3-9EBF3A55CAA3}.Release|Any CPU.Build.0 = Release|Any CPU
		{63C39B53-9D7E-4457-ABC3-9EBF3A55CAA3}.Release|Mixed Platforms.ActiveCfg = Release|Any CPU
		{63C39B53-9D7E-4457-ABC3-9EBF3A55CAA3}.Release|Mixed Platforms.Build.0 = Release|Any CPU
		{63C39B53-9D7E-4457-ABC3-9EBF3A55CAA3}.Release|x86.ActiveCfg = Release|Any CPU
		{69E96E99-C4FF-4621-A27D-4738D3726406}.Debug|Any CPU.ActiveCfg = Debug|Any CPU
		{69E96E99-C4FF-4621-A27D-4738D3726406}.Debug|Any CPU.Build.0 = Debug|Any CPU
		{69E96E99-C4FF-4621-A27D-4738D3726406}.Debug|Mixed Platforms.ActiveCfg = Debug|Any CPU
		{69E96E99-C4FF-4621-A27D-4738D3726406}.Debug|Mixed Platforms.Build.0 = Debug|Any CPU
		{69E96E99-C4FF-4621-A27D-4738D3726406}.Debug|x86.ActiveCfg = Debug|Any CPU
		{69E96E99-C4FF-4621-A27D-4738D3726406}.Release|Any CPU.ActiveCfg = Release|Any CPU
		{69E96E99-C4FF-4621-A27D-4738D3726406}.Release|Any CPU.Build.0 = Release|Any CPU
		{69E96E99-C4FF-4621-A27D-4738D3726406}.Release|Mixed Platforms.ActiveCfg = Release|Any CPU
		{69E96E99-C4FF-4621-A27D-4738D3726406}.Release|Mixed Platforms.Build.0 = Release|Any CPU
		{69E96E99-C4FF-4621-A27D-4738D3726406}.Release|x86.ActiveCfg = Release|Any CPU
		{7EBFD664-C362-409D-8390-41FE0B250FF0}.Debug|Any CPU.ActiveCfg = Debug|Any CPU
		{7EBFD664-C362-409D-8390-41FE0B250FF0}.Debug|Any CPU.Build.0 = Debug|Any CPU
		{7EBFD664-C362-409D-8390-41FE0B250FF0}.Debug|Mixed Platforms.ActiveCfg = Debug|Any CPU
		{7EBFD664-C362-409D-8390-41FE0B250FF0}.Debug|Mixed Platforms.Build.0 = Debug|Any CPU
		{7EBFD664-C362-409D-8390-41FE0B250FF0}.Debug|x86.ActiveCfg = Debug|Any CPU
		{7EBFD664-C362-409D-8390-41FE0B250FF0}.Release|Any CPU.ActiveCfg = Release|Any CPU
		{7EBFD664-C362-409D-8390-41FE0B250FF0}.Release|Any CPU.Build.0 = Release|Any CPU
		{7EBFD664-C362-409D-8390-41FE0B250FF0}.Release|Mixed Platforms.ActiveCfg = Release|Any CPU
		{7EBFD664-C362-409D-8390-41FE0B250FF0}.Release|Mixed Platforms.Build.0 = Release|Any CPU
		{7EBFD664-C362-409D-8390-41FE0B250FF0}.Release|x86.ActiveCfg = Release|Any CPU
		{1DC7FA61-6B85-414C-BDEE-0B053047E878}.Debug|Any CPU.ActiveCfg = Debug|Any CPU
		{1DC7FA61-6B85-414C-BDEE-0B053047E878}.Debug|Any CPU.Build.0 = Debug|Any CPU
		{1DC7FA61-6B85-414C-BDEE-0B053047E878}.Debug|Mixed Platforms.ActiveCfg = Debug|Any CPU
		{1DC7FA61-6B85-414C-BDEE-0B053047E878}.Debug|Mixed Platforms.Build.0 = Debug|Any CPU
		{1DC7FA61-6B85-414C-BDEE-0B053047E878}.Debug|x86.ActiveCfg = Debug|Any CPU
		{1DC7FA61-6B85-414C-BDEE-0B053047E878}.Release|Any CPU.ActiveCfg = Release|Any CPU
		{1DC7FA61-6B85-414C-BDEE-0B053047E878}.Release|Any CPU.Build.0 = Release|Any CPU
		{1DC7FA61-6B85-414C-BDEE-0B053047E878}.Release|Mixed Platforms.ActiveCfg = Release|Any CPU
		{1DC7FA61-6B85-414C-BDEE-0B053047E878}.Release|Mixed Platforms.Build.0 = Release|Any CPU
		{1DC7FA61-6B85-414C-BDEE-0B053047E878}.Release|x86.ActiveCfg = Release|Any CPU
		{7BCE13C9-D3D3-46B0-885B-AC03F9CE8995}.Debug|Any CPU.ActiveCfg = Debug|Any CPU
		{7BCE13C9-D3D3-46B0-885B-AC03F9CE8995}.Debug|Any CPU.Build.0 = Debug|Any CPU
		{7BCE13C9-D3D3-46B0-885B-AC03F9CE8995}.Debug|Mixed Platforms.ActiveCfg = Debug|Any CPU
		{7BCE13C9-D3D3-46B0-885B-AC03F9CE8995}.Debug|Mixed Platforms.Build.0 = Debug|Any CPU
		{7BCE13C9-D3D3-46B0-885B-AC03F9CE8995}.Debug|x86.ActiveCfg = Debug|Any CPU
		{7BCE13C9-D3D3-46B0-885B-AC03F9CE8995}.Release|Any CPU.ActiveCfg = Release|Any CPU
		{7BCE13C9-D3D3-46B0-885B-AC03F9CE8995}.Release|Any CPU.Build.0 = Release|Any CPU
		{7BCE13C9-D3D3-46B0-885B-AC03F9CE8995}.Release|Mixed Platforms.ActiveCfg = Release|Any CPU
		{7BCE13C9-D3D3-46B0-885B-AC03F9CE8995}.Release|Mixed Platforms.Build.0 = Release|Any CPU
		{7BCE13C9-D3D3-46B0-885B-AC03F9CE8995}.Release|x86.ActiveCfg = Release|Any CPU
		{68A6BCB1-6362-4552-BBC1-4A6C701ED12C}.Debug|Any CPU.ActiveCfg = Debug|Any CPU
		{68A6BCB1-6362-4552-BBC1-4A6C701ED12C}.Debug|Any CPU.Build.0 = Debug|Any CPU
		{68A6BCB1-6362-4552-BBC1-4A6C701ED12C}.Debug|Mixed Platforms.ActiveCfg = Debug|Any CPU
		{68A6BCB1-6362-4552-BBC1-4A6C701ED12C}.Debug|Mixed Platforms.Build.0 = Debug|Any CPU
		{68A6BCB1-6362-4552-BBC1-4A6C701ED12C}.Debug|x86.ActiveCfg = Debug|Any CPU
		{68A6BCB1-6362-4552-BBC1-4A6C701ED12C}.Release|Any CPU.ActiveCfg = Release|Any CPU
		{68A6BCB1-6362-4552-BBC1-4A6C701ED12C}.Release|Any CPU.Build.0 = Release|Any CPU
		{68A6BCB1-6362-4552-BBC1-4A6C701ED12C}.Release|Mixed Platforms.ActiveCfg = Release|Any CPU
		{68A6BCB1-6362-4552-BBC1-4A6C701ED12C}.Release|Mixed Platforms.Build.0 = Release|Any CPU
		{68A6BCB1-6362-4552-BBC1-4A6C701ED12C}.Release|x86.ActiveCfg = Release|Any CPU
		{2610FA68-790A-4DF7-BCB2-C29C936742EB}.Debug|Any CPU.ActiveCfg = Debug|Any CPU
		{2610FA68-790A-4DF7-BCB2-C29C936742EB}.Debug|Any CPU.Build.0 = Debug|Any CPU
		{2610FA68-790A-4DF7-BCB2-C29C936742EB}.Debug|Mixed Platforms.ActiveCfg = Debug|Any CPU
		{2610FA68-790A-4DF7-BCB2-C29C936742EB}.Debug|Mixed Platforms.Build.0 = Debug|Any CPU
		{2610FA68-790A-4DF7-BCB2-C29C936742EB}.Debug|x86.ActiveCfg = Debug|Any CPU
		{2610FA68-790A-4DF7-BCB2-C29C936742EB}.Release|Any CPU.ActiveCfg = Release|Any CPU
		{2610FA68-790A-4DF7-BCB2-C29C936742EB}.Release|Any CPU.Build.0 = Release|Any CPU
		{2610FA68-790A-4DF7-BCB2-C29C936742EB}.Release|Mixed Platforms.ActiveCfg = Release|Any CPU
		{2610FA68-790A-4DF7-BCB2-C29C936742EB}.Release|Mixed Platforms.Build.0 = Release|Any CPU
		{2610FA68-790A-4DF7-BCB2-C29C936742EB}.Release|x86.ActiveCfg = Release|Any CPU
		{AF659935-297C-4348-AADE-A187E3DD383D}.Debug|Any CPU.ActiveCfg = Debug|Any CPU
		{AF659935-297C-4348-AADE-A187E3DD383D}.Debug|Any CPU.Build.0 = Debug|Any CPU
		{AF659935-297C-4348-AADE-A187E3DD383D}.Debug|Mixed Platforms.ActiveCfg = Debug|Any CPU
		{AF659935-297C-4348-AADE-A187E3DD383D}.Debug|Mixed Platforms.Build.0 = Debug|Any CPU
		{AF659935-297C-4348-AADE-A187E3DD383D}.Debug|x86.ActiveCfg = Debug|Any CPU
		{AF659935-297C-4348-AADE-A187E3DD383D}.Release|Any CPU.ActiveCfg = Release|Any CPU
		{AF659935-297C-4348-AADE-A187E3DD383D}.Release|Any CPU.Build.0 = Release|Any CPU
		{AF659935-297C-4348-AADE-A187E3DD383D}.Release|Mixed Platforms.ActiveCfg = Release|Any CPU
		{AF659935-297C-4348-AADE-A187E3DD383D}.Release|Mixed Platforms.Build.0 = Release|Any CPU
		{AF659935-297C-4348-AADE-A187E3DD383D}.Release|x86.ActiveCfg = Release|Any CPU
		{109A5824-85EE-4463-9CCA-626ED1D7624F}.Debug|Any CPU.ActiveCfg = Debug|Any CPU
		{109A5824-85EE-4463-9CCA-626ED1D7624F}.Debug|Any CPU.Build.0 = Debug|Any CPU
		{109A5824-85EE-4463-9CCA-626ED1D7624F}.Debug|Mixed Platforms.ActiveCfg = Debug|Any CPU
		{109A5824-85EE-4463-9CCA-626ED1D7624F}.Debug|Mixed Platforms.Build.0 = Debug|Any CPU
		{109A5824-85EE-4463-9CCA-626ED1D7624F}.Debug|x86.ActiveCfg = Debug|Any CPU
		{109A5824-85EE-4463-9CCA-626ED1D7624F}.Release|Any CPU.ActiveCfg = Release|Any CPU
		{109A5824-85EE-4463-9CCA-626ED1D7624F}.Release|Any CPU.Build.0 = Release|Any CPU
		{109A5824-85EE-4463-9CCA-626ED1D7624F}.Release|Mixed Platforms.ActiveCfg = Release|Any CPU
		{109A5824-85EE-4463-9CCA-626ED1D7624F}.Release|Mixed Platforms.Build.0 = Release|Any CPU
		{109A5824-85EE-4463-9CCA-626ED1D7624F}.Release|x86.ActiveCfg = Release|Any CPU
		{F9CBCCE4-47F3-4291-B793-3B5DBD6019E8}.Debug|Any CPU.ActiveCfg = Debug|Any CPU
		{F9CBCCE4-47F3-4291-B793-3B5DBD6019E8}.Debug|Any CPU.Build.0 = Debug|Any CPU
		{F9CBCCE4-47F3-4291-B793-3B5DBD6019E8}.Debug|Mixed Platforms.ActiveCfg = Debug|Any CPU
		{F9CBCCE4-47F3-4291-B793-3B5DBD6019E8}.Debug|Mixed Platforms.Build.0 = Debug|Any CPU
		{F9CBCCE4-47F3-4291-B793-3B5DBD6019E8}.Debug|x86.ActiveCfg = Debug|Any CPU
		{F9CBCCE4-47F3-4291-B793-3B5DBD6019E8}.Release|Any CPU.ActiveCfg = Release|Any CPU
		{F9CBCCE4-47F3-4291-B793-3B5DBD6019E8}.Release|Any CPU.Build.0 = Release|Any CPU
		{F9CBCCE4-47F3-4291-B793-3B5DBD6019E8}.Release|Mixed Platforms.ActiveCfg = Release|Any CPU
		{F9CBCCE4-47F3-4291-B793-3B5DBD6019E8}.Release|Mixed Platforms.Build.0 = Release|Any CPU
		{F9CBCCE4-47F3-4291-B793-3B5DBD6019E8}.Release|x86.ActiveCfg = Release|Any CPU
		{38F17579-998F-4CE7-9712-215AAD66C00C}.Debug|Any CPU.ActiveCfg = Debug|Any CPU
		{38F17579-998F-4CE7-9712-215AAD66C00C}.Debug|Any CPU.Build.0 = Debug|Any CPU
		{38F17579-998F-4CE7-9712-215AAD66C00C}.Debug|Mixed Platforms.ActiveCfg = Debug|Any CPU
		{38F17579-998F-4CE7-9712-215AAD66C00C}.Debug|Mixed Platforms.Build.0 = Debug|Any CPU
		{38F17579-998F-4CE7-9712-215AAD66C00C}.Debug|x86.ActiveCfg = Debug|Any CPU
		{38F17579-998F-4CE7-9712-215AAD66C00C}.Release|Any CPU.ActiveCfg = Release|Any CPU
		{38F17579-998F-4CE7-9712-215AAD66C00C}.Release|Any CPU.Build.0 = Release|Any CPU
		{38F17579-998F-4CE7-9712-215AAD66C00C}.Release|Mixed Platforms.ActiveCfg = Release|Any CPU
		{38F17579-998F-4CE7-9712-215AAD66C00C}.Release|Mixed Platforms.Build.0 = Release|Any CPU
		{38F17579-998F-4CE7-9712-215AAD66C00C}.Release|x86.ActiveCfg = Release|Any CPU
		{0A891FDD-52DA-42BD-B7C1-95886ECC0661}.Debug|Any CPU.ActiveCfg = Debug|Any CPU
		{0A891FDD-52DA-42BD-B7C1-95886ECC0661}.Debug|Any CPU.Build.0 = Debug|Any CPU
		{0A891FDD-52DA-42BD-B7C1-95886ECC0661}.Debug|Mixed Platforms.ActiveCfg = Debug|Any CPU
		{0A891FDD-52DA-42BD-B7C1-95886ECC0661}.Debug|Mixed Platforms.Build.0 = Debug|Any CPU
		{0A891FDD-52DA-42BD-B7C1-95886ECC0661}.Debug|x86.ActiveCfg = Debug|Any CPU
		{0A891FDD-52DA-42BD-B7C1-95886ECC0661}.Release|Any CPU.ActiveCfg = Release|Any CPU
		{0A891FDD-52DA-42BD-B7C1-95886ECC0661}.Release|Any CPU.Build.0 = Release|Any CPU
		{0A891FDD-52DA-42BD-B7C1-95886ECC0661}.Release|Mixed Platforms.ActiveCfg = Release|Any CPU
		{0A891FDD-52DA-42BD-B7C1-95886ECC0661}.Release|Mixed Platforms.Build.0 = Release|Any CPU
		{0A891FDD-52DA-42BD-B7C1-95886ECC0661}.Release|x86.ActiveCfg = Release|Any CPU
		{DBF9F511-92E5-4B56-9FCA-C6BF37388BB5}.Debug|Any CPU.ActiveCfg = Debug|Any CPU
		{DBF9F511-92E5-4B56-9FCA-C6BF37388BB5}.Debug|Any CPU.Build.0 = Debug|Any CPU
		{DBF9F511-92E5-4B56-9FCA-C6BF37388BB5}.Debug|Mixed Platforms.ActiveCfg = Debug|Any CPU
		{DBF9F511-92E5-4B56-9FCA-C6BF37388BB5}.Debug|Mixed Platforms.Build.0 = Debug|Any CPU
		{DBF9F511-92E5-4B56-9FCA-C6BF37388BB5}.Debug|x86.ActiveCfg = Debug|Any CPU
		{DBF9F511-92E5-4B56-9FCA-C6BF37388BB5}.Release|Any CPU.ActiveCfg = Release|Any CPU
		{DBF9F511-92E5-4B56-9FCA-C6BF37388BB5}.Release|Any CPU.Build.0 = Release|Any CPU
		{DBF9F511-92E5-4B56-9FCA-C6BF37388BB5}.Release|Mixed Platforms.ActiveCfg = Release|Any CPU
		{DBF9F511-92E5-4B56-9FCA-C6BF37388BB5}.Release|Mixed Platforms.Build.0 = Release|Any CPU
		{DBF9F511-92E5-4B56-9FCA-C6BF37388BB5}.Release|x86.ActiveCfg = Release|Any CPU
		{16522C91-5F14-45AB-AFBF-5E2490A53796}.Debug|Any CPU.ActiveCfg = Debug|x86
		{16522C91-5F14-45AB-AFBF-5E2490A53796}.Debug|Mixed Platforms.ActiveCfg = Debug|x86
		{16522C91-5F14-45AB-AFBF-5E2490A53796}.Debug|Mixed Platforms.Build.0 = Debug|x86
		{16522C91-5F14-45AB-AFBF-5E2490A53796}.Debug|x86.ActiveCfg = Debug|x86
		{16522C91-5F14-45AB-AFBF-5E2490A53796}.Debug|x86.Build.0 = Debug|x86
		{16522C91-5F14-45AB-AFBF-5E2490A53796}.Release|Any CPU.ActiveCfg = Release|x86
		{16522C91-5F14-45AB-AFBF-5E2490A53796}.Release|Mixed Platforms.ActiveCfg = Release|x86
		{16522C91-5F14-45AB-AFBF-5E2490A53796}.Release|Mixed Platforms.Build.0 = Release|x86
		{16522C91-5F14-45AB-AFBF-5E2490A53796}.Release|x86.ActiveCfg = Release|x86
		{16522C91-5F14-45AB-AFBF-5E2490A53796}.Release|x86.Build.0 = Release|x86
		{0F0BDC62-53F8-4654-9A33-CF3AC02A35AD}.Debug|Any CPU.ActiveCfg = Debug|Any CPU
		{0F0BDC62-53F8-4654-9A33-CF3AC02A35AD}.Debug|Any CPU.Build.0 = Debug|Any CPU
		{0F0BDC62-53F8-4654-9A33-CF3AC02A35AD}.Debug|Mixed Platforms.ActiveCfg = Debug|Any CPU
		{0F0BDC62-53F8-4654-9A33-CF3AC02A35AD}.Debug|Mixed Platforms.Build.0 = Debug|Any CPU
		{0F0BDC62-53F8-4654-9A33-CF3AC02A35AD}.Debug|x86.ActiveCfg = Debug|Any CPU
		{0F0BDC62-53F8-4654-9A33-CF3AC02A35AD}.Release|Any CPU.ActiveCfg = Release|Any CPU
		{0F0BDC62-53F8-4654-9A33-CF3AC02A35AD}.Release|Any CPU.Build.0 = Release|Any CPU
		{0F0BDC62-53F8-4654-9A33-CF3AC02A35AD}.Release|Mixed Platforms.ActiveCfg = Release|Any CPU
		{0F0BDC62-53F8-4654-9A33-CF3AC02A35AD}.Release|Mixed Platforms.Build.0 = Release|Any CPU
		{0F0BDC62-53F8-4654-9A33-CF3AC02A35AD}.Release|x86.ActiveCfg = Release|Any CPU
		{6F7D5737-BD50-4DB3-8AE0-11A1EA79FBFA}.Debug|Any CPU.ActiveCfg = Debug|Any CPU
		{6F7D5737-BD50-4DB3-8AE0-11A1EA79FBFA}.Debug|Any CPU.Build.0 = Debug|Any CPU
		{6F7D5737-BD50-4DB3-8AE0-11A1EA79FBFA}.Debug|Mixed Platforms.ActiveCfg = Debug|Any CPU
		{6F7D5737-BD50-4DB3-8AE0-11A1EA79FBFA}.Debug|Mixed Platforms.Build.0 = Debug|Any CPU
		{6F7D5737-BD50-4DB3-8AE0-11A1EA79FBFA}.Debug|x86.ActiveCfg = Debug|Any CPU
		{6F7D5737-BD50-4DB3-8AE0-11A1EA79FBFA}.Release|Any CPU.ActiveCfg = Release|Any CPU
		{6F7D5737-BD50-4DB3-8AE0-11A1EA79FBFA}.Release|Any CPU.Build.0 = Release|Any CPU
		{6F7D5737-BD50-4DB3-8AE0-11A1EA79FBFA}.Release|Mixed Platforms.ActiveCfg = Release|Any CPU
		{6F7D5737-BD50-4DB3-8AE0-11A1EA79FBFA}.Release|Mixed Platforms.Build.0 = Release|Any CPU
		{6F7D5737-BD50-4DB3-8AE0-11A1EA79FBFA}.Release|x86.ActiveCfg = Release|Any CPU
		{48B6488D-C3E5-4E10-82B3-CFCA44BE4488}.Debug|Any CPU.ActiveCfg = Debug|Any CPU
		{48B6488D-C3E5-4E10-82B3-CFCA44BE4488}.Debug|Any CPU.Build.0 = Debug|Any CPU
		{48B6488D-C3E5-4E10-82B3-CFCA44BE4488}.Debug|Mixed Platforms.ActiveCfg = Debug|Any CPU
		{48B6488D-C3E5-4E10-82B3-CFCA44BE4488}.Debug|Mixed Platforms.Build.0 = Debug|Any CPU
		{48B6488D-C3E5-4E10-82B3-CFCA44BE4488}.Debug|x86.ActiveCfg = Debug|Any CPU
		{48B6488D-C3E5-4E10-82B3-CFCA44BE4488}.Release|Any CPU.ActiveCfg = Release|Any CPU
		{48B6488D-C3E5-4E10-82B3-CFCA44BE4488}.Release|Any CPU.Build.0 = Release|Any CPU
		{48B6488D-C3E5-4E10-82B3-CFCA44BE4488}.Release|Mixed Platforms.ActiveCfg = Release|Any CPU
		{48B6488D-C3E5-4E10-82B3-CFCA44BE4488}.Release|Mixed Platforms.Build.0 = Release|Any CPU
		{48B6488D-C3E5-4E10-82B3-CFCA44BE4488}.Release|x86.ActiveCfg = Release|Any CPU
		{B69D6270-B235-4354-9C0D-544B0E4F5B8B}.Debug|Any CPU.ActiveCfg = Debug|x86
		{B69D6270-B235-4354-9C0D-544B0E4F5B8B}.Debug|Mixed Platforms.ActiveCfg = Debug|x86
		{B69D6270-B235-4354-9C0D-544B0E4F5B8B}.Debug|Mixed Platforms.Build.0 = Debug|x86
		{B69D6270-B235-4354-9C0D-544B0E4F5B8B}.Debug|x86.ActiveCfg = Debug|x86
		{B69D6270-B235-4354-9C0D-544B0E4F5B8B}.Debug|x86.Build.0 = Debug|x86
		{B69D6270-B235-4354-9C0D-544B0E4F5B8B}.Release|Any CPU.ActiveCfg = Release|x86
		{B69D6270-B235-4354-9C0D-544B0E4F5B8B}.Release|Mixed Platforms.ActiveCfg = Release|x86
		{B69D6270-B235-4354-9C0D-544B0E4F5B8B}.Release|Mixed Platforms.Build.0 = Release|x86
		{B69D6270-B235-4354-9C0D-544B0E4F5B8B}.Release|x86.ActiveCfg = Release|x86
		{B69D6270-B235-4354-9C0D-544B0E4F5B8B}.Release|x86.Build.0 = Release|x86
		{29035687-185F-47A8-9830-6C4C9D5EBB0B}.Debug|Any CPU.ActiveCfg = Debug|Any CPU
		{29035687-185F-47A8-9830-6C4C9D5EBB0B}.Debug|Any CPU.Build.0 = Debug|Any CPU
		{29035687-185F-47A8-9830-6C4C9D5EBB0B}.Debug|Mixed Platforms.ActiveCfg = Debug|Any CPU
		{29035687-185F-47A8-9830-6C4C9D5EBB0B}.Debug|Mixed Platforms.Build.0 = Debug|Any CPU
		{29035687-185F-47A8-9830-6C4C9D5EBB0B}.Debug|x86.ActiveCfg = Debug|Any CPU
		{29035687-185F-47A8-9830-6C4C9D5EBB0B}.Release|Any CPU.ActiveCfg = Release|Any CPU
		{29035687-185F-47A8-9830-6C4C9D5EBB0B}.Release|Any CPU.Build.0 = Release|Any CPU
		{29035687-185F-47A8-9830-6C4C9D5EBB0B}.Release|Mixed Platforms.ActiveCfg = Release|Any CPU
		{29035687-185F-47A8-9830-6C4C9D5EBB0B}.Release|Mixed Platforms.Build.0 = Release|Any CPU
		{29035687-185F-47A8-9830-6C4C9D5EBB0B}.Release|x86.ActiveCfg = Release|Any CPU
		{1F1018A7-1852-4CD5-94E6-12899A0BBBFC}.Debug|Any CPU.ActiveCfg = Debug|Any CPU
		{1F1018A7-1852-4CD5-94E6-12899A0BBBFC}.Debug|Any CPU.Build.0 = Debug|Any CPU
		{1F1018A7-1852-4CD5-94E6-12899A0BBBFC}.Debug|Mixed Platforms.ActiveCfg = Debug|Any CPU
		{1F1018A7-1852-4CD5-94E6-12899A0BBBFC}.Debug|Mixed Platforms.Build.0 = Debug|Any CPU
		{1F1018A7-1852-4CD5-94E6-12899A0BBBFC}.Debug|x86.ActiveCfg = Debug|Any CPU
		{1F1018A7-1852-4CD5-94E6-12899A0BBBFC}.Release|Any CPU.ActiveCfg = Release|Any CPU
		{1F1018A7-1852-4CD5-94E6-12899A0BBBFC}.Release|Any CPU.Build.0 = Release|Any CPU
		{1F1018A7-1852-4CD5-94E6-12899A0BBBFC}.Release|Mixed Platforms.ActiveCfg = Release|Any CPU
		{1F1018A7-1852-4CD5-94E6-12899A0BBBFC}.Release|Mixed Platforms.Build.0 = Release|Any CPU
		{1F1018A7-1852-4CD5-94E6-12899A0BBBFC}.Release|x86.ActiveCfg = Release|Any CPU
		{1A313088-2F2A-4148-90E8-6AA9A4C4233D}.Debug|Any CPU.ActiveCfg = Debug|Any CPU
		{1A313088-2F2A-4148-90E8-6AA9A4C4233D}.Debug|Any CPU.Build.0 = Debug|Any CPU
		{1A313088-2F2A-4148-90E8-6AA9A4C4233D}.Debug|Mixed Platforms.ActiveCfg = Debug|Any CPU
		{1A313088-2F2A-4148-90E8-6AA9A4C4233D}.Debug|Mixed Platforms.Build.0 = Debug|Any CPU
		{1A313088-2F2A-4148-90E8-6AA9A4C4233D}.Debug|x86.ActiveCfg = Debug|Any CPU
		{1A313088-2F2A-4148-90E8-6AA9A4C4233D}.Release|Any CPU.ActiveCfg = Release|Any CPU
		{1A313088-2F2A-4148-90E8-6AA9A4C4233D}.Release|Any CPU.Build.0 = Release|Any CPU
		{1A313088-2F2A-4148-90E8-6AA9A4C4233D}.Release|Mixed Platforms.ActiveCfg = Release|Any CPU
		{1A313088-2F2A-4148-90E8-6AA9A4C4233D}.Release|Mixed Platforms.Build.0 = Release|Any CPU
		{1A313088-2F2A-4148-90E8-6AA9A4C4233D}.Release|x86.ActiveCfg = Release|Any CPU
		{7C9BCBFC-49EB-49FC-9318-204D5CA491A6}.Debug|Any CPU.ActiveCfg = Debug|Any CPU
		{7C9BCBFC-49EB-49FC-9318-204D5CA491A6}.Debug|Any CPU.Build.0 = Debug|Any CPU
		{7C9BCBFC-49EB-49FC-9318-204D5CA491A6}.Debug|Mixed Platforms.ActiveCfg = Debug|Any CPU
		{7C9BCBFC-49EB-49FC-9318-204D5CA491A6}.Debug|Mixed Platforms.Build.0 = Debug|Any CPU
		{7C9BCBFC-49EB-49FC-9318-204D5CA491A6}.Debug|x86.ActiveCfg = Debug|Any CPU
		{7C9BCBFC-49EB-49FC-9318-204D5CA491A6}.Release|Any CPU.ActiveCfg = Release|Any CPU
		{7C9BCBFC-49EB-49FC-9318-204D5CA491A6}.Release|Any CPU.Build.0 = Release|Any CPU
		{7C9BCBFC-49EB-49FC-9318-204D5CA491A6}.Release|Mixed Platforms.ActiveCfg = Release|Any CPU
		{7C9BCBFC-49EB-49FC-9318-204D5CA491A6}.Release|Mixed Platforms.Build.0 = Release|Any CPU
		{7C9BCBFC-49EB-49FC-9318-204D5CA491A6}.Release|x86.ActiveCfg = Release|Any CPU
		{25ECEBE1-267F-4DD8-B812-F945F6D2FC02}.Debug|Any CPU.ActiveCfg = Debug|Any CPU
		{25ECEBE1-267F-4DD8-B812-F945F6D2FC02}.Debug|Any CPU.Build.0 = Debug|Any CPU
		{25ECEBE1-267F-4DD8-B812-F945F6D2FC02}.Debug|Mixed Platforms.ActiveCfg = Debug|Any CPU
		{25ECEBE1-267F-4DD8-B812-F945F6D2FC02}.Debug|Mixed Platforms.Build.0 = Debug|Any CPU
		{25ECEBE1-267F-4DD8-B812-F945F6D2FC02}.Debug|x86.ActiveCfg = Debug|Any CPU
		{25ECEBE1-267F-4DD8-B812-F945F6D2FC02}.Release|Any CPU.ActiveCfg = Release|Any CPU
		{25ECEBE1-267F-4DD8-B812-F945F6D2FC02}.Release|Any CPU.Build.0 = Release|Any CPU
		{25ECEBE1-267F-4DD8-B812-F945F6D2FC02}.Release|Mixed Platforms.ActiveCfg = Release|Any CPU
		{25ECEBE1-267F-4DD8-B812-F945F6D2FC02}.Release|Mixed Platforms.Build.0 = Release|Any CPU
		{25ECEBE1-267F-4DD8-B812-F945F6D2FC02}.Release|x86.ActiveCfg = Release|Any CPU
		{A4DBD7F5-A2C1-487A-8C81-CD8BB1B49B6D}.Debug|Any CPU.ActiveCfg = Debug|Any CPU
		{A4DBD7F5-A2C1-487A-8C81-CD8BB1B49B6D}.Debug|Any CPU.Build.0 = Debug|Any CPU
		{A4DBD7F5-A2C1-487A-8C81-CD8BB1B49B6D}.Debug|Mixed Platforms.ActiveCfg = Debug|Any CPU
		{A4DBD7F5-A2C1-487A-8C81-CD8BB1B49B6D}.Debug|Mixed Platforms.Build.0 = Debug|Any CPU
		{A4DBD7F5-A2C1-487A-8C81-CD8BB1B49B6D}.Debug|x86.ActiveCfg = Debug|Any CPU
		{A4DBD7F5-A2C1-487A-8C81-CD8BB1B49B6D}.Release|Any CPU.ActiveCfg = Release|Any CPU
		{A4DBD7F5-A2C1-487A-8C81-CD8BB1B49B6D}.Release|Any CPU.Build.0 = Release|Any CPU
		{A4DBD7F5-A2C1-487A-8C81-CD8BB1B49B6D}.Release|Mixed Platforms.ActiveCfg = Release|Any CPU
		{A4DBD7F5-A2C1-487A-8C81-CD8BB1B49B6D}.Release|Mixed Platforms.Build.0 = Release|Any CPU
		{A4DBD7F5-A2C1-487A-8C81-CD8BB1B49B6D}.Release|x86.ActiveCfg = Release|Any CPU
		{134622C9-B51B-416E-8788-3A90BDBE3951}.Debug|Any CPU.ActiveCfg = Debug|Any CPU
		{134622C9-B51B-416E-8788-3A90BDBE3951}.Debug|Any CPU.Build.0 = Debug|Any CPU
		{134622C9-B51B-416E-8788-3A90BDBE3951}.Debug|Mixed Platforms.ActiveCfg = Debug|Any CPU
		{134622C9-B51B-416E-8788-3A90BDBE3951}.Debug|Mixed Platforms.Build.0 = Debug|Any CPU
		{134622C9-B51B-416E-8788-3A90BDBE3951}.Debug|x86.ActiveCfg = Debug|Any CPU
		{134622C9-B51B-416E-8788-3A90BDBE3951}.Release|Any CPU.ActiveCfg = Release|Any CPU
		{134622C9-B51B-416E-8788-3A90BDBE3951}.Release|Any CPU.Build.0 = Release|Any CPU
		{134622C9-B51B-416E-8788-3A90BDBE3951}.Release|Mixed Platforms.ActiveCfg = Release|Any CPU
		{134622C9-B51B-416E-8788-3A90BDBE3951}.Release|Mixed Platforms.Build.0 = Release|Any CPU
		{134622C9-B51B-416E-8788-3A90BDBE3951}.Release|x86.ActiveCfg = Release|Any CPU
		{FC8B8EA0-AD89-4C16-9031-824CEB25F354}.Debug|Any CPU.ActiveCfg = Debug|Any CPU
		{FC8B8EA0-AD89-4C16-9031-824CEB25F354}.Debug|Any CPU.Build.0 = Debug|Any CPU
		{FC8B8EA0-AD89-4C16-9031-824CEB25F354}.Debug|Mixed Platforms.ActiveCfg = Debug|Any CPU
		{FC8B8EA0-AD89-4C16-9031-824CEB25F354}.Debug|Mixed Platforms.Build.0 = Debug|Any CPU
		{FC8B8EA0-AD89-4C16-9031-824CEB25F354}.Debug|x86.ActiveCfg = Debug|Any CPU
		{FC8B8EA0-AD89-4C16-9031-824CEB25F354}.Release|Any CPU.ActiveCfg = Release|Any CPU
		{FC8B8EA0-AD89-4C16-9031-824CEB25F354}.Release|Any CPU.Build.0 = Release|Any CPU
		{FC8B8EA0-AD89-4C16-9031-824CEB25F354}.Release|Mixed Platforms.ActiveCfg = Release|Any CPU
		{FC8B8EA0-AD89-4C16-9031-824CEB25F354}.Release|Mixed Platforms.Build.0 = Release|Any CPU
		{FC8B8EA0-AD89-4C16-9031-824CEB25F354}.Release|x86.ActiveCfg = Release|Any CPU
		{2712A108-EEBF-4B72-9CD5-88A7D531D648}.Debug|Any CPU.ActiveCfg = Debug|Any CPU
		{2712A108-EEBF-4B72-9CD5-88A7D531D648}.Debug|Any CPU.Build.0 = Debug|Any CPU
		{2712A108-EEBF-4B72-9CD5-88A7D531D648}.Debug|Mixed Platforms.ActiveCfg = Debug|Any CPU
		{2712A108-EEBF-4B72-9CD5-88A7D531D648}.Debug|Mixed Platforms.Build.0 = Debug|Any CPU
		{2712A108-EEBF-4B72-9CD5-88A7D531D648}.Debug|x86.ActiveCfg = Debug|Any CPU
		{2712A108-EEBF-4B72-9CD5-88A7D531D648}.Release|Any CPU.ActiveCfg = Release|Any CPU
		{2712A108-EEBF-4B72-9CD5-88A7D531D648}.Release|Any CPU.Build.0 = Release|Any CPU
		{2712A108-EEBF-4B72-9CD5-88A7D531D648}.Release|Mixed Platforms.ActiveCfg = Release|Any CPU
		{2712A108-EEBF-4B72-9CD5-88A7D531D648}.Release|Mixed Platforms.Build.0 = Release|Any CPU
		{2712A108-EEBF-4B72-9CD5-88A7D531D648}.Release|x86.ActiveCfg = Release|Any CPU
		{23DAEB5F-1A9F-4853-8BBF-7C5E1F71597E}.Debug|Any CPU.ActiveCfg = Debug|x86
		{23DAEB5F-1A9F-4853-8BBF-7C5E1F71597E}.Debug|Mixed Platforms.ActiveCfg = Debug|x86
		{23DAEB5F-1A9F-4853-8BBF-7C5E1F71597E}.Debug|Mixed Platforms.Build.0 = Debug|x86
		{23DAEB5F-1A9F-4853-8BBF-7C5E1F71597E}.Debug|x86.ActiveCfg = Debug|x86
		{23DAEB5F-1A9F-4853-8BBF-7C5E1F71597E}.Debug|x86.Build.0 = Debug|x86
		{23DAEB5F-1A9F-4853-8BBF-7C5E1F71597E}.Release|Any CPU.ActiveCfg = Release|x86
		{23DAEB5F-1A9F-4853-8BBF-7C5E1F71597E}.Release|Mixed Platforms.ActiveCfg = Release|x86
		{23DAEB5F-1A9F-4853-8BBF-7C5E1F71597E}.Release|Mixed Platforms.Build.0 = Release|x86
		{23DAEB5F-1A9F-4853-8BBF-7C5E1F71597E}.Release|x86.ActiveCfg = Release|x86
		{23DAEB5F-1A9F-4853-8BBF-7C5E1F71597E}.Release|x86.Build.0 = Release|x86
		{CC84B0E8-2905-40C0-A396-33E64301655F}.Debug|Any CPU.ActiveCfg = Debug|Any CPU
		{CC84B0E8-2905-40C0-A396-33E64301655F}.Debug|Any CPU.Build.0 = Debug|Any CPU
		{CC84B0E8-2905-40C0-A396-33E64301655F}.Debug|Mixed Platforms.ActiveCfg = Debug|Any CPU
		{CC84B0E8-2905-40C0-A396-33E64301655F}.Debug|Mixed Platforms.Build.0 = Debug|Any CPU
		{CC84B0E8-2905-40C0-A396-33E64301655F}.Debug|x86.ActiveCfg = Debug|Any CPU
		{CC84B0E8-2905-40C0-A396-33E64301655F}.Release|Any CPU.ActiveCfg = Release|Any CPU
		{CC84B0E8-2905-40C0-A396-33E64301655F}.Release|Any CPU.Build.0 = Release|Any CPU
		{CC84B0E8-2905-40C0-A396-33E64301655F}.Release|Mixed Platforms.ActiveCfg = Release|Any CPU
		{CC84B0E8-2905-40C0-A396-33E64301655F}.Release|Mixed Platforms.Build.0 = Release|Any CPU
		{CC84B0E8-2905-40C0-A396-33E64301655F}.Release|x86.ActiveCfg = Release|Any CPU
		{C2DB006F-019C-4CAD-842A-238909693088}.Debug|Any CPU.ActiveCfg = Debug|Any CPU
		{C2DB006F-019C-4CAD-842A-238909693088}.Debug|Any CPU.Build.0 = Debug|Any CPU
		{C2DB006F-019C-4CAD-842A-238909693088}.Debug|Mixed Platforms.ActiveCfg = Debug|Any CPU
		{C2DB006F-019C-4CAD-842A-238909693088}.Debug|Mixed Platforms.Build.0 = Debug|Any CPU
		{C2DB006F-019C-4CAD-842A-238909693088}.Debug|x86.ActiveCfg = Debug|Any CPU
		{C2DB006F-019C-4CAD-842A-238909693088}.Release|Any CPU.ActiveCfg = Release|Any CPU
		{C2DB006F-019C-4CAD-842A-238909693088}.Release|Any CPU.Build.0 = Release|Any CPU
		{C2DB006F-019C-4CAD-842A-238909693088}.Release|Mixed Platforms.ActiveCfg = Release|Any CPU
		{C2DB006F-019C-4CAD-842A-238909693088}.Release|Mixed Platforms.Build.0 = Release|Any CPU
		{C2DB006F-019C-4CAD-842A-238909693088}.Release|x86.ActiveCfg = Release|Any CPU
		{A8F8B22A-BD38-41F6-B344-B4598A8F4124}.Debug|Any CPU.ActiveCfg = Debug|x86
		{A8F8B22A-BD38-41F6-B344-B4598A8F4124}.Debug|Mixed Platforms.ActiveCfg = Debug|x86
		{A8F8B22A-BD38-41F6-B344-B4598A8F4124}.Debug|Mixed Platforms.Build.0 = Debug|x86
		{A8F8B22A-BD38-41F6-B344-B4598A8F4124}.Debug|x86.ActiveCfg = Debug|x86
		{A8F8B22A-BD38-41F6-B344-B4598A8F4124}.Debug|x86.Build.0 = Debug|x86
		{A8F8B22A-BD38-41F6-B344-B4598A8F4124}.Release|Any CPU.ActiveCfg = Release|x86
		{A8F8B22A-BD38-41F6-B344-B4598A8F4124}.Release|Mixed Platforms.ActiveCfg = Release|x86
		{A8F8B22A-BD38-41F6-B344-B4598A8F4124}.Release|Mixed Platforms.Build.0 = Release|x86
		{A8F8B22A-BD38-41F6-B344-B4598A8F4124}.Release|x86.ActiveCfg = Release|x86
		{A8F8B22A-BD38-41F6-B344-B4598A8F4124}.Release|x86.Build.0 = Release|x86
		{D0935FD0-8A3A-4FAC-9469-9D1EE52C840E}.Debug|Any CPU.ActiveCfg = Debug|Any CPU
		{D0935FD0-8A3A-4FAC-9469-9D1EE52C840E}.Debug|Any CPU.Build.0 = Debug|Any CPU
		{D0935FD0-8A3A-4FAC-9469-9D1EE52C840E}.Debug|Mixed Platforms.ActiveCfg = Debug|Any CPU
		{D0935FD0-8A3A-4FAC-9469-9D1EE52C840E}.Debug|Mixed Platforms.Build.0 = Debug|Any CPU
		{D0935FD0-8A3A-4FAC-9469-9D1EE52C840E}.Debug|x86.ActiveCfg = Debug|Any CPU
		{D0935FD0-8A3A-4FAC-9469-9D1EE52C840E}.Release|Any CPU.ActiveCfg = Release|Any CPU
		{D0935FD0-8A3A-4FAC-9469-9D1EE52C840E}.Release|Any CPU.Build.0 = Release|Any CPU
		{D0935FD0-8A3A-4FAC-9469-9D1EE52C840E}.Release|Mixed Platforms.ActiveCfg = Release|Any CPU
		{D0935FD0-8A3A-4FAC-9469-9D1EE52C840E}.Release|Mixed Platforms.Build.0 = Release|Any CPU
		{D0935FD0-8A3A-4FAC-9469-9D1EE52C840E}.Release|x86.ActiveCfg = Release|Any CPU
		{3E445E34-3C91-4084-8274-7F6D053B5E26}.Debug|Any CPU.ActiveCfg = Debug|Any CPU
		{3E445E34-3C91-4084-8274-7F6D053B5E26}.Debug|Any CPU.Build.0 = Debug|Any CPU
		{3E445E34-3C91-4084-8274-7F6D053B5E26}.Debug|Mixed Platforms.ActiveCfg = Debug|Any CPU
		{3E445E34-3C91-4084-8274-7F6D053B5E26}.Debug|Mixed Platforms.Build.0 = Debug|Any CPU
		{3E445E34-3C91-4084-8274-7F6D053B5E26}.Debug|x86.ActiveCfg = Debug|Any CPU
		{3E445E34-3C91-4084-8274-7F6D053B5E26}.Release|Any CPU.ActiveCfg = Release|Any CPU
		{3E445E34-3C91-4084-8274-7F6D053B5E26}.Release|Any CPU.Build.0 = Release|Any CPU
		{3E445E34-3C91-4084-8274-7F6D053B5E26}.Release|Mixed Platforms.ActiveCfg = Release|Any CPU
		{3E445E34-3C91-4084-8274-7F6D053B5E26}.Release|Mixed Platforms.Build.0 = Release|Any CPU
		{3E445E34-3C91-4084-8274-7F6D053B5E26}.Release|x86.ActiveCfg = Release|Any CPU
		{1536C16F-54CB-49AB-8797-1ABB397EF49D}.Debug|Any CPU.ActiveCfg = Debug|Any CPU
		{1536C16F-54CB-49AB-8797-1ABB397EF49D}.Debug|Any CPU.Build.0 = Debug|Any CPU
		{1536C16F-54CB-49AB-8797-1ABB397EF49D}.Debug|Mixed Platforms.ActiveCfg = Debug|Any CPU
		{1536C16F-54CB-49AB-8797-1ABB397EF49D}.Debug|Mixed Platforms.Build.0 = Debug|Any CPU
		{1536C16F-54CB-49AB-8797-1ABB397EF49D}.Debug|x86.ActiveCfg = Debug|Any CPU
		{1536C16F-54CB-49AB-8797-1ABB397EF49D}.Release|Any CPU.ActiveCfg = Release|Any CPU
		{1536C16F-54CB-49AB-8797-1ABB397EF49D}.Release|Any CPU.Build.0 = Release|Any CPU
		{1536C16F-54CB-49AB-8797-1ABB397EF49D}.Release|Mixed Platforms.ActiveCfg = Release|Any CPU
		{1536C16F-54CB-49AB-8797-1ABB397EF49D}.Release|Mixed Platforms.Build.0 = Release|Any CPU
		{1536C16F-54CB-49AB-8797-1ABB397EF49D}.Release|x86.ActiveCfg = Release|Any CPU
		{3C46ECD6-FF10-42C7-BC15-17D157EAC63F}.Debug|Any CPU.ActiveCfg = Debug|Any CPU
		{3C46ECD6-FF10-42C7-BC15-17D157EAC63F}.Debug|Any CPU.Build.0 = Debug|Any CPU
		{3C46ECD6-FF10-42C7-BC15-17D157EAC63F}.Debug|Mixed Platforms.ActiveCfg = Debug|Any CPU
		{3C46ECD6-FF10-42C7-BC15-17D157EAC63F}.Debug|Mixed Platforms.Build.0 = Debug|Any CPU
		{3C46ECD6-FF10-42C7-BC15-17D157EAC63F}.Debug|x86.ActiveCfg = Debug|Any CPU
		{3C46ECD6-FF10-42C7-BC15-17D157EAC63F}.Release|Any CPU.ActiveCfg = Release|Any CPU
		{3C46ECD6-FF10-42C7-BC15-17D157EAC63F}.Release|Any CPU.Build.0 = Release|Any CPU
		{3C46ECD6-FF10-42C7-BC15-17D157EAC63F}.Release|Mixed Platforms.ActiveCfg = Release|Any CPU
		{3C46ECD6-FF10-42C7-BC15-17D157EAC63F}.Release|Mixed Platforms.Build.0 = Release|Any CPU
		{3C46ECD6-FF10-42C7-BC15-17D157EAC63F}.Release|x86.ActiveCfg = Release|Any CPU
		{647F0D3A-0E9C-4DED-BDBB-3640AF125D5C}.Debug|Any CPU.ActiveCfg = Debug|Any CPU
		{647F0D3A-0E9C-4DED-BDBB-3640AF125D5C}.Debug|Any CPU.Build.0 = Debug|Any CPU
		{647F0D3A-0E9C-4DED-BDBB-3640AF125D5C}.Debug|Mixed Platforms.ActiveCfg = Debug|Any CPU
		{647F0D3A-0E9C-4DED-BDBB-3640AF125D5C}.Debug|Mixed Platforms.Build.0 = Debug|Any CPU
		{647F0D3A-0E9C-4DED-BDBB-3640AF125D5C}.Debug|x86.ActiveCfg = Debug|Any CPU
		{647F0D3A-0E9C-4DED-BDBB-3640AF125D5C}.Release|Any CPU.ActiveCfg = Release|Any CPU
		{647F0D3A-0E9C-4DED-BDBB-3640AF125D5C}.Release|Any CPU.Build.0 = Release|Any CPU
		{647F0D3A-0E9C-4DED-BDBB-3640AF125D5C}.Release|Mixed Platforms.ActiveCfg = Release|Any CPU
		{647F0D3A-0E9C-4DED-BDBB-3640AF125D5C}.Release|Mixed Platforms.Build.0 = Release|Any CPU
		{647F0D3A-0E9C-4DED-BDBB-3640AF125D5C}.Release|x86.ActiveCfg = Release|Any CPU
		{B6E2B7F0-5885-4908-B6C1-ABC9DC79AE2E}.Debug|Any CPU.ActiveCfg = Debug|Any CPU
		{B6E2B7F0-5885-4908-B6C1-ABC9DC79AE2E}.Debug|Any CPU.Build.0 = Debug|Any CPU
		{B6E2B7F0-5885-4908-B6C1-ABC9DC79AE2E}.Debug|Mixed Platforms.ActiveCfg = Debug|Any CPU
		{B6E2B7F0-5885-4908-B6C1-ABC9DC79AE2E}.Debug|Mixed Platforms.Build.0 = Debug|Any CPU
		{B6E2B7F0-5885-4908-B6C1-ABC9DC79AE2E}.Debug|x86.ActiveCfg = Debug|Any CPU
		{B6E2B7F0-5885-4908-B6C1-ABC9DC79AE2E}.Release|Any CPU.ActiveCfg = Release|Any CPU
		{B6E2B7F0-5885-4908-B6C1-ABC9DC79AE2E}.Release|Any CPU.Build.0 = Release|Any CPU
		{B6E2B7F0-5885-4908-B6C1-ABC9DC79AE2E}.Release|Mixed Platforms.ActiveCfg = Release|Any CPU
		{B6E2B7F0-5885-4908-B6C1-ABC9DC79AE2E}.Release|Mixed Platforms.Build.0 = Release|Any CPU
		{B6E2B7F0-5885-4908-B6C1-ABC9DC79AE2E}.Release|x86.ActiveCfg = Release|Any CPU
		{9C4837D6-7125-4F11-9C95-B49C946C2BC2}.Debug|Any CPU.ActiveCfg = Debug|Any CPU
		{9C4837D6-7125-4F11-9C95-B49C946C2BC2}.Debug|Any CPU.Build.0 = Debug|Any CPU
		{9C4837D6-7125-4F11-9C95-B49C946C2BC2}.Debug|Mixed Platforms.ActiveCfg = Debug|Any CPU
		{9C4837D6-7125-4F11-9C95-B49C946C2BC2}.Debug|Mixed Platforms.Build.0 = Debug|Any CPU
		{9C4837D6-7125-4F11-9C95-B49C946C2BC2}.Debug|x86.ActiveCfg = Debug|Any CPU
		{9C4837D6-7125-4F11-9C95-B49C946C2BC2}.Release|Any CPU.ActiveCfg = Release|Any CPU
		{9C4837D6-7125-4F11-9C95-B49C946C2BC2}.Release|Any CPU.Build.0 = Release|Any CPU
		{9C4837D6-7125-4F11-9C95-B49C946C2BC2}.Release|Mixed Platforms.ActiveCfg = Release|Any CPU
		{9C4837D6-7125-4F11-9C95-B49C946C2BC2}.Release|Mixed Platforms.Build.0 = Release|Any CPU
		{9C4837D6-7125-4F11-9C95-B49C946C2BC2}.Release|x86.ActiveCfg = Release|Any CPU
		{5A0C29C4-4DE3-4723-8F5A-00A3E11A270A}.Debug|Any CPU.ActiveCfg = Debug|Any CPU
		{5A0C29C4-4DE3-4723-8F5A-00A3E11A270A}.Debug|Any CPU.Build.0 = Debug|Any CPU
		{5A0C29C4-4DE3-4723-8F5A-00A3E11A270A}.Debug|Mixed Platforms.ActiveCfg = Debug|Any CPU
		{5A0C29C4-4DE3-4723-8F5A-00A3E11A270A}.Debug|Mixed Platforms.Build.0 = Debug|Any CPU
		{5A0C29C4-4DE3-4723-8F5A-00A3E11A270A}.Debug|x86.ActiveCfg = Debug|Any CPU
		{5A0C29C4-4DE3-4723-8F5A-00A3E11A270A}.Release|Any CPU.ActiveCfg = Release|Any CPU
		{5A0C29C4-4DE3-4723-8F5A-00A3E11A270A}.Release|Any CPU.Build.0 = Release|Any CPU
		{5A0C29C4-4DE3-4723-8F5A-00A3E11A270A}.Release|Mixed Platforms.ActiveCfg = Release|Any CPU
		{5A0C29C4-4DE3-4723-8F5A-00A3E11A270A}.Release|Mixed Platforms.Build.0 = Release|Any CPU
		{5A0C29C4-4DE3-4723-8F5A-00A3E11A270A}.Release|x86.ActiveCfg = Release|Any CPU
		{330ADC91-7C0E-41BB-84B2-9692B37D15D6}.Debug|Any CPU.ActiveCfg = Debug|Any CPU
		{330ADC91-7C0E-41BB-84B2-9692B37D15D6}.Debug|Any CPU.Build.0 = Debug|Any CPU
		{330ADC91-7C0E-41BB-84B2-9692B37D15D6}.Debug|Mixed Platforms.ActiveCfg = Debug|Any CPU
		{330ADC91-7C0E-41BB-84B2-9692B37D15D6}.Debug|Mixed Platforms.Build.0 = Debug|Any CPU
		{330ADC91-7C0E-41BB-84B2-9692B37D15D6}.Debug|x86.ActiveCfg = Debug|Any CPU
		{330ADC91-7C0E-41BB-84B2-9692B37D15D6}.Release|Any CPU.ActiveCfg = Release|Any CPU
		{330ADC91-7C0E-41BB-84B2-9692B37D15D6}.Release|Any CPU.Build.0 = Release|Any CPU
		{330ADC91-7C0E-41BB-84B2-9692B37D15D6}.Release|Mixed Platforms.ActiveCfg = Release|Any CPU
		{330ADC91-7C0E-41BB-84B2-9692B37D15D6}.Release|Mixed Platforms.Build.0 = Release|Any CPU
		{330ADC91-7C0E-41BB-84B2-9692B37D15D6}.Release|x86.ActiveCfg = Release|Any CPU
	EndGlobalSection
	GlobalSection(SolutionProperties) = preSolution
		HideSolutionNode = FALSE
	EndGlobalSection
	GlobalSection(ExtensibilityGlobals) = postSolution
		VisualSVNWorkingCopyRoot = .
	EndGlobalSection
EndGlobal
